
Microsoft Visual Studio Solution File, Format Version 12.00
# Visual Studio Version 17
VisualStudioVersion = 17.8.34511.84
MinimumVisualStudioVersion = 10.0.40219.1
Project("{FAE04EC0-301F-11D3-BF4B-00C04F79EFBC}") = "ExemploMassTransit.WebApi", "src\ExemploMassTransit.WebApi\ExemploMassTransit.WebApi.csproj", "{FBAE03A1-1B70-4FE0-86D3-B2DCF04E8B09}"
EndProject
Project("{FAE04EC0-301F-11D3-BF4B-00C04F79EFBC}") = "ExemploMassTransit.MessageConsumer", "src\ExemploMassTransit.MessageConsumer\ExemploMassTransit.MessageConsumer.csproj", "{D1A6EA9E-BA9E-40AF-92A0-CA31A6B6EFDF}"
EndProject
Global
	GlobalSection(SolutionConfigurationPlatforms) = preSolution
		Debug|Any CPU = Debug|Any CPU
		Release|Any CPU = Release|Any CPU
	EndGlobalSection
	GlobalSection(ProjectConfigurationPlatforms) = postSolution
		{FBAE03A1-1B70-4FE0-86D3-B2DCF04E8B09}.Debug|Any CPU.ActiveCfg = Debug|Any CPU
		{FBAE03A1-1B70-4FE0-86D3-B2DCF04E8B09}.Debug|Any CPU.Build.0 = Debug|Any CPU
		{FBAE03A1-1B70-4FE0-86D3-B2DCF04E8B09}.Release|Any CPU.ActiveCfg = Release|Any CPU
		{FBAE03A1-1B70-4FE0-86D3-B2DCF04E8B09}.Release|Any CPU.Build.0 = Release|Any CPU
		{D1A6EA9E-BA9E-40AF-92A0-CA31A6B6EFDF}.Debug|Any CPU.ActiveCfg = Debug|Any CPU
		{D1A6EA9E-BA9E-40AF-92A0-CA31A6B6EFDF}.Debug|Any CPU.Build.0 = Debug|Any CPU
		{D1A6EA9E-BA9E-40AF-92A0-CA31A6B6EFDF}.Release|Any CPU.ActiveCfg = Release|Any CPU
		{D1A6EA9E-BA9E-40AF-92A0-CA31A6B6EFDF}.Release|Any CPU.Build.0 = Release|Any CPU
	EndGlobalSection
	GlobalSection(SolutionProperties) = preSolution
		HideSolutionNode = FALSE
	EndGlobalSection
	GlobalSection(ExtensibilityGlobals) = postSolution
		SolutionGuid = {75951304-566F-46B8-AA1D-9CF0B64802B7}
	EndGlobalSection
EndGlobal
